
Microsoft Visual Studio Solution File, Format Version 12.00
# Visual Studio Version 17
VisualStudioVersion = 17.4.33122.133
MinimumVisualStudioVersion = 10.0.40219.1
Project("{9A19103F-16F7-4668-BE54-9A1E7A4F7556}") = "MyAutoHelper", "MyAutoHelper\MyAutoHelper.csproj", "{158F4117-973F-4D64-B4A7-028A2A402CFD}"
	ProjectSection(ProjectDependencies) = postProject
		{97694B4A-1F27-4FA5-93AE-C38AC70CEAB8} = {97694B4A-1F27-4FA5-93AE-C38AC70CEAB8}
	EndProjectSection
EndProject
Project("{9A19103F-16F7-4668-BE54-9A1E7A4F7556}") = "MyAutoHelper.Database", "MyAutoHelper.Models\MyAutoHelper.Database.csproj", "{97694B4A-1F27-4FA5-93AE-C38AC70CEAB8}"
EndProject
Project("{9A19103F-16F7-4668-BE54-9A1E7A4F7556}") = "MyAutoHelper.Controllers", "MyAutoHelper.Controllers\MyAutoHelper.Controllers.csproj", "{B05CF117-39F2-469F-B3E1-F658D028F0E2}"
EndProject
Project("{FAE04EC0-301F-11D3-BF4B-00C04F79EFBC}") = "MyAutoHelper.ViewModels", "MyAutoHelper.ViewModels\MyAutoHelper.ViewModels.csproj", "{01360C4F-60E6-4FBA-919C-0C47555AFC67}"
EndProject
Global
	GlobalSection(SolutionConfigurationPlatforms) = preSolution
		Debug|Any CPU = Debug|Any CPU
		Release|Any CPU = Release|Any CPU
	EndGlobalSection
	GlobalSection(ProjectConfigurationPlatforms) = postSolution
		{158F4117-973F-4D64-B4A7-028A2A402CFD}.Debug|Any CPU.ActiveCfg = Debug|Any CPU
		{158F4117-973F-4D64-B4A7-028A2A402CFD}.Debug|Any CPU.Build.0 = Debug|Any CPU
		{158F4117-973F-4D64-B4A7-028A2A402CFD}.Release|Any CPU.ActiveCfg = Release|Any CPU
		{158F4117-973F-4D64-B4A7-028A2A402CFD}.Release|Any CPU.Build.0 = Release|Any CPU
		{97694B4A-1F27-4FA5-93AE-C38AC70CEAB8}.Debug|Any CPU.ActiveCfg = Debug|Any CPU
		{97694B4A-1F27-4FA5-93AE-C38AC70CEAB8}.Debug|Any CPU.Build.0 = Debug|Any CPU
		{97694B4A-1F27-4FA5-93AE-C38AC70CEAB8}.Release|Any CPU.ActiveCfg = Release|Any CPU
		{97694B4A-1F27-4FA5-93AE-C38AC70CEAB8}.Release|Any CPU.Build.0 = Release|Any CPU
		{B05CF117-39F2-469F-B3E1-F658D028F0E2}.Debug|Any CPU.ActiveCfg = Debug|Any CPU
		{B05CF117-39F2-469F-B3E1-F658D028F0E2}.Debug|Any CPU.Build.0 = Debug|Any CPU
		{B05CF117-39F2-469F-B3E1-F658D028F0E2}.Release|Any CPU.ActiveCfg = Release|Any CPU
		{B05CF117-39F2-469F-B3E1-F658D028F0E2}.Release|Any CPU.Build.0 = Release|Any CPU
		{01360C4F-60E6-4FBA-919C-0C47555AFC67}.Debug|Any CPU.ActiveCfg = Debug|Any CPU
		{01360C4F-60E6-4FBA-919C-0C47555AFC67}.Debug|Any CPU.Build.0 = Debug|Any CPU
		{01360C4F-60E6-4FBA-919C-0C47555AFC67}.Release|Any CPU.ActiveCfg = Release|Any CPU
		{01360C4F-60E6-4FBA-919C-0C47555AFC67}.Release|Any CPU.Build.0 = Release|Any CPU
	EndGlobalSection
	GlobalSection(SolutionProperties) = preSolution
		HideSolutionNode = FALSE
	EndGlobalSection
	GlobalSection(ExtensibilityGlobals) = postSolution
		SolutionGuid = {6BB4C02E-3DD7-4A89-90C4-91AFACD1C207}
	EndGlobalSection
EndGlobal
